# @generated by Move, please check-in and do not edit manually.

[move]
version = 3
manifest_digest = "6B09F9AA430C109B61501C7B753B3D4D78CB167C94B443DA328DBEB29222E9DE"
deps_digest = "F8BBB0CCB2491CA29A3DF03D6F92277A4F3574266507ACD77214D37ECA3F3082"
dependencies = [
  { id = "Sui", name = "Sui" },
]

[[move.package]]
id = "MoveStdlib"
source = { git = "https://github.com/MystenLabs/sui.git", rev = "framework/testnet", subdir = "crates/sui-framework/packages/move-stdlib" }

[[move.package]]
id = "Sui"
source = { git = "https://github.com/MystenLabs/sui.git", rev = "framework/testnet", subdir = "crates/sui-framework/packages/sui-framework" }

dependencies = [
  { id = "MoveStdlib", name = "MoveStdlib" },
]

[move.toolchain-version]
compiler-version = "1.37.1"
edition = "2024.beta"
flavor = "sui"

[env]

[env.testnet]
chain-id = "4c78adac"
original-published-id = "0x67808c2f85286f4567462069e92c2bc9d564a159dce206f616b4c0899faae7e1"
latest-published-id = "0x67808c2f85286f4567462069e92c2bc9d564a159dce206f616b4c0899faae7e1"
published-version = "1"

[env.devnet]
chain-id = "e8c8eaba"
original-published-id = "0x3bacd25897f797bf97737562aa1fc14db5631d0c4a4745b746e6090829cb54d5"
latest-published-id = "0x3bacd25897f797bf97737562aa1fc14db5631d0c4a4745b746e6090829cb54d5"
published-version = "1"
